
Microsoft Visual Studio Solution File, Format Version 11.00
# Visual Studio 2010
Project("{FAE04EC0-301F-11D3-BF4B-00C04F79EFBC}") = "UnityEngine.TestRunner", "UnityEngine.TestRunner.csproj", "{8e92df5c-5ae7-b73d-7a4e-4c7286d4f7e1}"
EndProject
Project("{FAE04EC0-301F-11D3-BF4B-00C04F79EFBC}") = "UnityEngine.UI", "UnityEngine.UI.csproj", "{9c1aa3b1-0b3a-f5b1-77ef-e042ac3af9e8}"
EndProject
Project("{FAE04EC0-301F-11D3-BF4B-00C04F79EFBC}") = "Unity.TextMeshPro", "Unity.TextMeshPro.csproj", "{8aa8af25-a90a-3b7a-334c-bad3df079aee}"
EndProject
Project("{FAE04EC0-301F-11D3-BF4B-00C04F79EFBC}") = "Unity.Timeline", "Unity.Timeline.csproj", "{1360af28-d593-7cc5-383a-6aa816957fab}"
EndProject
Project("{FAE04EC0-301F-11D3-BF4B-00C04F79EFBC}") = "Unity.TextMeshPro.Editor", "Unity.TextMeshPro.Editor.csproj", "{ba9c3c09-7f58-5055-3e85-f8359e3e0131}"
EndProject
Project("{FAE04EC0-301F-11D3-BF4B-00C04F79EFBC}") = "Unity.Timeline.Editor", "Unity.Timeline.Editor.csproj", "{b7ad0654-9c28-5735-6ba9-3bde7927cdb4}"
EndProject
Project("{FAE04EC0-301F-11D3-BF4B-00C04F79EFBC}") = "UnityEditor.TestRunner", "UnityEditor.TestRunner.csproj", "{2f8d958e-936b-ea02-d893-bbd520a9067b}"
EndProject
Project("{FAE04EC0-301F-11D3-BF4B-00C04F79EFBC}") = "UnityEditor.UI", "UnityEditor.UI.csproj", "{bc39d10e-9995-238f-429e-11a609a76b56}"
EndProject
Project("{FAE04EC0-301F-11D3-BF4B-00C04F79EFBC}") = "Unity.Rider.Editor", "Unity.Rider.Editor.csproj", "{e3e80e2b-2cad-86d9-139d-2a94f630fee8}"
EndProject
Project("{FAE04EC0-301F-11D3-BF4B-00C04F79EFBC}") = "Unity.CollabProxy.Editor", "Unity.CollabProxy.Editor.csproj", "{0f9832ce-565a-f5a6-054f-1d484122f62b}"
EndProject
Project("{FAE04EC0-301F-11D3-BF4B-00C04F79EFBC}") = "Unity.VSCode.Editor", "Unity.VSCode.Editor.csproj", "{0e835788-44f8-943e-b0df-af98bcc4263b}"
EndProject
Global
	GlobalSection(SolutionConfigurationPlatforms) = preSolution
		Debug|Any CPU = Debug|Any CPU
	EndGlobalSection
	GlobalSection(ProjectConfigurationPlatforms) = postSolution
		{8e92df5c-5ae7-b73d-7a4e-4c7286d4f7e1}.Debug|Any CPU.ActiveCfg = Debug|Any CPU
		{8e92df5c-5ae7-b73d-7a4e-4c7286d4f7e1}.Debug|Any CPU.Build.0 = Debug|Any CPU
		{9c1aa3b1-0b3a-f5b1-77ef-e042ac3af9e8}.Debug|Any CPU.ActiveCfg = Debug|Any CPU
		{9c1aa3b1-0b3a-f5b1-77ef-e042ac3af9e8}.Debug|Any CPU.Build.0 = Debug|Any CPU
		{8aa8af25-a90a-3b7a-334c-bad3df079aee}.Debug|Any CPU.ActiveCfg = Debug|Any CPU
		{8aa8af25-a90a-3b7a-334c-bad3df079aee}.Debug|Any CPU.Build.0 = Debug|Any CPU
		{1360af28-d593-7cc5-383a-6aa816957fab}.Debug|Any CPU.ActiveCfg = Debug|Any CPU
		{1360af28-d593-7cc5-383a-6aa816957fab}.Debug|Any CPU.Build.0 = Debug|Any CPU
		{ba9c3c09-7f58-5055-3e85-f8359e3e0131}.Debug|Any CPU.ActiveCfg = Debug|Any CPU
		{ba9c3c09-7f58-5055-3e85-f8359e3e0131}.Debug|Any CPU.Build.0 = Debug|Any CPU
		{b7ad0654-9c28-5735-6ba9-3bde7927cdb4}.Debug|Any CPU.ActiveCfg = Debug|Any CPU
		{b7ad0654-9c28-5735-6ba9-3bde7927cdb4}.Debug|Any CPU.Build.0 = Debug|Any CPU
		{2f8d958e-936b-ea02-d893-bbd520a9067b}.Debug|Any CPU.ActiveCfg = Debug|Any CPU
		{2f8d958e-936b-ea02-d893-bbd520a9067b}.Debug|Any CPU.Build.0 = Debug|Any CPU
		{bc39d10e-9995-238f-429e-11a609a76b56}.Debug|Any CPU.ActiveCfg = Debug|Any CPU
		{bc39d10e-9995-238f-429e-11a609a76b56}.Debug|Any CPU.Build.0 = Debug|Any CPU
		{e3e80e2b-2cad-86d9-139d-2a94f630fee8}.Debug|Any CPU.ActiveCfg = Debug|Any CPU
		{e3e80e2b-2cad-86d9-139d-2a94f630fee8}.Debug|Any CPU.Build.0 = Debug|Any CPU
		{0f9832ce-565a-f5a6-054f-1d484122f62b}.Debug|Any CPU.ActiveCfg = Debug|Any CPU
		{0f9832ce-565a-f5a6-054f-1d484122f62b}.Debug|Any CPU.Build.0 = Debug|Any CPU
		{0e835788-44f8-943e-b0df-af98bcc4263b}.Debug|Any CPU.ActiveCfg = Debug|Any CPU
		{0e835788-44f8-943e-b0df-af98bcc4263b}.Debug|Any CPU.Build.0 = Debug|Any CPU
	EndGlobalSection
	GlobalSection(SolutionProperties) = preSolution
		HideSolutionNode = FALSE
	EndGlobalSection
EndGlobal
